{
  "name": "brahmastra-aerospace-academy",
  "version": "1.0.0",
  "lockfileVersion": 3,
  "requires": true,
  "packages": {
    "": {
      "name": "brahmastra-aerospace-academy",
      "version": "1.0.0",
      "dependencies": {
        "react": "^18.3.1",
        "react-dom": "^18.3.1"
      },
      "devDependencies": {
        "@types/react": "^18.3.3",
        "@types/react-dom": "^18.3.0",
        "@vitejs/plugin-react": "^4.3.1",
        "typescript": "^5.5.3",
        "vite": "^5.3.3"
      }
    },
    "node_modules/@types/prop-types": {
      "version": "15.7.12",
      "resolved": "https://registry.npmjs.org/@types/prop-types/-/prop-types-15.7.12.tgz",
      "integrity": "sha512-5zvhXYg4nYiJQDvUpSAwiinsZvTzgttgj69yqaPwLhsA2YmnnMIbK9J2gNxGD3pSdx9PY+aRk5t2fBv2Qa22rg==",
      "dev": true
    },
    "node_modules/@types/react": {
      "version": "18.3.3",
      "resolved": "https://registry.npmjs.org/@types/react/-/react-18.3.3.tgz",
      "integrity": "sha512-hti/R0pS0q1/xx+TsI73AbQRVoeKMIwgrsduiIZdI1e5KbqPchbc3+HlBFK/eFbsvCSYQTeMVk3GBRiG3Jd1Mg==",
      "dev": true,
      "dependencies": {
        "@types/prop-types": "*",
        "csstype": "^3.0.2"
      }
    },
    "node_modules/@types/react-dom": {
      "version": "18.3.0",
      "resolved": "https://registry.npmjs.org/@types/react-dom/-/react-dom-18.3.0.tgz",
      "integrity": "sha512-dGhbL27C4T8T3sV1iQDWLqD9T2S3c8Mrc3/m4D6Fe2uD0y4c8D3kfkQy95J2Ity4J2yfrkLgM7L/y5WfALVABg==",
      "dev": true,
      "dependencies": {
        "@types/react": "*"
      }
    },
    "node_modules/@vitejs/plugin-react": {
      "version": "4.3.1",
      "resolved": "https://registry.npmjs.org/@vitejs/plugin-react/-/plugin-react-4.3.1.tgz",
      "integrity": "sha512-s2K5UBqE6s5wcSx3CEA4lY15j2xB80/Wx3T3Tj+D9n4yV1xCXVpP9fTdvV33aGkP3RzWb1Lp3lprM0P2rT+bzA==",
      "dev": true,
      "dependencies": {
        "vite-plugin-react-inspector": "^1.0.3"
      },
      "engines": {
        "node": ">=18.0.0"
      },
      "peerDependencies": {
        "vite": "^4.4.0 || ^5.0.0"
      }
    },
    "node_modules/csstype": {
      "version": "3.1.3",
      "resolved": "https://registry.npmjs.org/csstype/-/csstype-3.1.3.tgz",
      "integrity": "sha512-M1uQkMl8rQK/szD0LNhtqxIPLzpkHMywR2in+gV2da9sSsBlpmn5G/SSuYoYhWDV1jCSaKyploPTEI+Eibyy2g==",
      "dev": true
    },
    "node_modules/fsevents": {
      "version": "2.3.3",
      "resolved": "https://registry.npmjs.org/fsevents/-/fsevents-2.3.3.tgz",
      "integrity": "sha512-5xoFELQeEOiS9vN++wyDtjDIE5YfsASAoNuS+S2st1TKn9QbeblZTRNTOtIAsf3sW32xdvQ72T4GZ2eZfB6Q/A==",
      "dev": true,
      "hasInstallScript": true,
      "optional": true,
      "os": [
        "darwin"
      ],
      "engines": {
        "node": "^8.16.0 || ^10.6.0 || >=11.0.0"
      }
    },
    "node_modules/is-binary-path": {
      "version": "2.1.0",
      "resolved": "https://registry.npmjs.org/is-binary-path/-/is-binary-path-2.1.0.tgz",
      "integrity": "sha512-Zz/KzZwegO8A1bMhW2tKTHrm0i/TolRtPeRYisKyNj7bZXkKYD2w3jB2T2i63+o8A4Lcoi13YdYkOBbM2M4itQ==",
      "dev": true,
      "dependencies": {
        "binary-extensions": "^2.0.0"
      },
      "engines": {
        "node": ">=8"
      }
    },
    "node_modules/js-tokens": {
      "version": "4.0.0",
      "resolved": "https://registry.npmjs.org/js-tokens/-/js-tokens-4.0.0.tgz",
      "integrity": "sha512-RdJUflcE3cUzKiMqQgsCu06FPu9UdIJO0beYbPhHN4k6apgJtifcoCtT9bcxOpYBtpD2kCM6Sbzg4CausW/PKQ=="
    },
    "node_modules/loose-envify": {
      "version": "1.4.0",
      "resolved": "https://registry.npmjs.org/loose-envify/-/loose-envify-1.4.0.tgz",
      "integrity": "sha512-lyuxPGr/Wfhrlem2CL/UcnUc1zcqKA3a2eYWDvsPfmg54T1CZgBJZLX/SqmMY84GWGiCcZsdmbgg54fUT8fsAw==",
      "dependencies": {
        "js-tokens": "^3.0.0 || ^4.0.0"
      },
      "bin": {
        "loose-envify": "cli.js"
      }
    },
    "node_modules/nanoid": {
      "version": "3.3.7",
      "resolved": "https://registry.npmjs.org/nanoid/-/nanoid-3.3.7.tgz",
      "integrity": "sha512-eSPB0_H3iIjsaMna42hV/ql2kLIpB17Hj2fP+wSy3x2Q24e2s2HjT1S5sEldcCeAnj225/3yvlX5d4sduj2sVQ==",
      "dev": true,
      "bin": {
        "nanoid": "bin/nanoid.js"
      },
      "engines": {
        "node": "^10 || ^12 || ^13.7 || ^14 || >=15.0.1"
      }
    },
    "node_modules/normalize-path": {
      "version": "3.0.0",
      "resolved": "https://registry.npmjs.org/normalize-path/-/normalize-path-3.0.0.tgz",
      "integrity": "sha512-6eZs5Ls3WtHoEjT9In19STLA5uplkvrI6UkrD6GbWRB0Kiyof5tsmWmcBC6UECoEBI6ACe3/hKeAe5tcAbvyEQ==",
      "dev": true,
      "engines": {
        "node": ">=0.10.0"
      }
    },
    "node_modules/picocolors": {
      "version": "1.0.1",
      "resolved": "https://registry.npmjs.org/picocolors/-/picocolors-1.0.1.tgz",
      "integrity": "sha512-anP1Z8qwhCfnzwO83I9UoKprMA+gG3aV4gBNKmMd+K2zQgrxaP3HXVIoP+N0Jd0HkG2s6PFOpeJ4dkp2fklpTA==",
      "dev": true
    },
    "node_modules/picomatch": {
      "version": "2.3.1",
      "resolved": "https://registry.npmjs.org/picomatch/-/picomatch-2.3.1.tgz",
      "integrity": "sha512-JU3teI6mR GKpkeIWB2id2I+S/5Jb+t2acIQhVz3bTVyL+i203HyweBena6Tj9cIqJ2wBpHwsvN+DkQmmwv2pvg==",
      "dev": true,
      "engines": {
        "node": ">=8.6"
      },
      "funding": {
        "url": "https://github.com/sponsors/jonschlinkert"
      }
    },
    "node_modules/postcss": {
      "version": "8.4.39",
      "resolved": "https://registry.npmjs.org/postcss/-/postcss-8.4.39.tgz",
      "integrity": "sha512-yJk+Bwd01/7t48+V22/1R8UrBM2hMvEStcSZ22MVdBYIIfY458K2n8a3yOnu7ELDZJADb4KDaApP6s3k9jMAlw==",
      "dev": true,
      "dependencies": {
        "nanoid": "^3.3.7",
        "picocolors": "^1.0.0",
        "source-map-js": "^1.2.0"
      },
      "engines": {
        "node": "^10 || ^12 || >=14"
      },
      "funding": {
        "type": "opencollective",
        "url": "https://opencollective.com/postcss/"
      }
    },
    "node_modules/react": {
      "version": "18.3.1",
      "resolved": "https://registry.npmjs.org/react/-/react-18.3.1.tgz",
      "integrity": "sha512-wS+hAgJShReact7WGP2gv5BmVyggU/I3uA0c0nSAtTzTdqjC0PS4IuLCwGcGSYg2VUdJeSP0r3p/dJgpCmbXIyA==",
      "dependencies": {
        "loose-envify": "^1.1.0"
      },
      "engines": {
        "node": ">=0.10.0"
      }
    },
    "node_modules/react-dom": {
      "version": "18.3.1",
      "resolved": "https://registry.npmjs.org/react-dom/-/react-dom-18.3.1.tgz",
      "integrity": "sha512-5m4lB4wQ0kSY0A+2Bvf5BHORjT8Qys56Q8WrPbrVL1gL3+p7r9GafacpB6o3qloVSzVCP7n9S0+aK/eP8Rj8PA==",
      "dependencies": {
        "loose-envify": "^1.1.0",
        "scheduler": "^0.23.2"
      },
      "peerDependencies": {
        "react": "^18.3.1"
      }
    },
    "node_modules/rollup": {
      "version": "4.18.1",
      "resolved": "https://registry.npmjs.org/rollup/-/rollup-4.18.1.tgz",
      "integrity": "sha512-cjLTh+OsP0MsoO2sLAgIAg++eA2+gG8r5f8hV4d+wzgiDj5wNIXGf1Xdp+3v13o/w4OYvVTbEVSkC7JbJAwkcQ==",
      "dev": true,
      "bin": {
        "rollup": "dist/bin/rollup"
      },
      "engines": {
        "node": ">=18.0.0",
        "npm": ">=8.0.0"
      },
      "optionalDependencies": {
        "fsevents": "~2.3.2"
      }
    },
    "node_modules/scheduler": {
      "version": "0.23.2",
      "resolved": "https://registry.npmjs.org/scheduler/-/scheduler-0.23.2.tgz",
      "integrity": "sha512-EaCxbanVeyxD9OO4TjWn/iAyKVI8x7p6myFNqoD/12Tf9o/He3H4Tcoi51sL1R0TjBCssRryMCfIdd8IzFdH0A==",
      "dependencies": {
        "loose-envify": "^1.1.0"
      }
    },
    "node_modules/source-map-js": {
      "version": "1.2.0",
      "resolved": "https://registry.npmjs.org/source-map-js/-/source-map-js-1.2.0.tgz",
      "integrity": "sha512-itJW8lvSA0imCUNgN4Ayl2bADW900i9mbT02ILK22m2hQ2dPu6o6xGTS3T2c+e5Q6o2W2C4k2vSAB5hM3mRRA==",
      "dev": true,
      "engines": {
        "node": ">=0.10.0"
      }
    },
    "node_modules/typescript": {
      "version": "5.5.3",
      "resolved": "https://registry.npmjs.org/typescript/-/typescript-5.5.3.tgz",
      "integrity": "sha512-qK+gptpdgHTAlNma9mR2emM2pLpTfQ9iI7S3yjbr1/fSNoYSdG3v3He3RCNbClSAtwVunAI3Yt9e2VDBoU53aA==",
      "dev": true,
      "bin": {
        "tsc": "bin/tsc",
        "tsserver": "bin/tsserver"
      },
      "engines": {
        "node": ">=14.17"
      }
    },
    "node_modules/vite": {
      "version": "5.3.3",
      "resolved": "https://registry.npmjs.org/vite/-/vite-5.3.3.tgz",
      "integrity": "sha512-9c+rI5H6SycmuQ/3bZ3h5gQ2k4/9UaE+M9StX34iM5LgXGg9iT44n2v9yVtxaKmp0c79J1aKjYFrGteRg==",
      "dev": true,
      "dependencies": {
        "esbuild": "^0.23.0",
        "postcss": "^8.4.38",
        "rollup": "^4.18.0"
      },
      "bin": {
        "vite": "bin/vite.js"
      },
      "engines": {
        "node": "^18.0.0 || >=20.0.0"
      },
      "funding": {
        "url": "https://github.com/sponsors/yyx990803"
      },
      "optionalDependencies": {
        "fsevents": "~2.3.2"
      }
    },
    "node_modules/vite-plugin-react-inspector": {
      "version": "1.0.3",
      "resolved": "https://registry.npmjs.org/vite-plugin-react-inspector/-/vite-plugin-react-inspector-1.0.3.tgz",
      "integrity": "sha512-Y1oTqW9D2/y1m+Q4xG1X3E1w9VbU1tq/1Q+Q8+6M1P6VzC54v3L/6/v2gT800O0u1vj4wQoV8T+r4w==",
      "dev": true,
      "peerDependencies": {
        "vite": ">=3.0.0"
      }
    }
  }
}
