{
  "name": "brahmastra-aerospace-academy",
  "version": "1.0.0",
  "lockfileVersion": 3,
  "requires": true,
  "packages": {
    "": {
      "name": "brahmastra-aerospace-academy",
      "version": "1.0.0",
      "dependencies": {
        "react": "^18.3.1",
        "react-dom": "^18.3.1"
      },
      "devDependencies": {
        "@types/react": "^18.3.3",
        "@types/react-dom": "^18.3.0",
        "@vitejs/plugin-react": "^4.3.1",
        "autoprefixer": "^10.4.19",
        "postcss": "^8.4.39",
        "tailwindcss": "^3.4.4",
        "typescript": "^5.5.3",
        "vite": "^5.3.3"
      }
    },
    "node_modules/@types/prop-types": {
      "version": "15.7.12",
      "resolved": "https://registry.npmjs.org/@types/prop-types/-/prop-types-15.7.12.tgz",
      "integrity": "sha512-5zvhXYg4nYiJQDvUpSAwiinsZvTzgttgj69yqaPwLhsA2YmnnMIbK9J2gNxGD3pSdx9PY+aRk5t2fBv2Qa22rg==",
      "dev": true
    },
    "node_modules/@types/react": {
      "version": "18.3.3",
      "resolved": "https://registry.npmjs.org/@types/react/-/react-18.3.3.tgz",
      "integrity": "sha512-hti/R0pS0q1/xx+TsI73AbQRVoeKMIwgrsduiIZdI1e5KbqPchbc3+HlBFK/eFbsvCSYQTeMVk3GBRiG3Jd1Mg==",
      "dev": true,
      "dependencies": {
        "@types/prop-types": "*",
        "csstype": "^3.0.2"
      }
    },
    "node_modules/@types/react-dom": {
      "version": "18.3.0",
      "resolved": "https://registry.npmjs.org/@types/react-dom/-/react-dom-18.3.0.tgz",
      "integrity": "sha512-dGhbL27C4T8T3sV1iQDWLqD9T2S3c8Mrc3/m4D6Fe2uD0y4c8D3kfkQy95J2Ity4J2yfrkLgM7L/y5WfALVABg==",
      "dev": true,
      "dependencies": {
        "@types/react": "*"
      }
    },
    "node_modules/@vitejs/plugin-react": {
      "version": "4.3.1",
      "resolved": "https://registry.npmjs.org/@vitejs/plugin-react/-/plugin-react-4.3.1.tgz",
      "integrity": "sha512-s2K5UBqE6s5wcSx3CEA4lY15j2xB80/Wx3T3Tj+D9n4yV1xCXVpP9fTdvV33aGkP3RzWb1Lp3lprM0P2rT+bzA==",
      "dev": true,
      "dependencies": {
        "vite-plugin-react-inspector": "^1.0.3"
      },
      "engines": {
        "node": ">=18.0.0"
      },
      "peerDependencies": {
        "vite": "^4.4.0 || ^5.0.0"
      }
    },
    "node_modules/autoprefixer": {
      "version": "10.4.19",
      "resolved": "https://registry.npmjs.org/autoprefixer/-/autoprefixer-10.4.19.tgz",
      "integrity": "sha512-oQssILP85M/M1HodbFssD/DGX4IIUC+vTkLZAJtYyZqilPDSCXW/1yQR0B+1PzM3ttV0uC4QcE8e36W6eLGLgw==",
      "dev": true,
      "dependencies": {
        "browserslist": "^4.23.0",
        "caniuse-lite": "^1.0.30001594",
        "fraction.js": "^4.3.7",
        "normalize-range": "^0.1.2",
        "picocolors": "^1.0.0",
        "postcss-value-parser": "^4.2.0"
      },
      "bin": {
        "autoprefixer": "bin/autoprefixer"
      },
      "engines": {
        "node": "^10 || ^12 || >=14"
      },
      "funding": {
        "type": "opencollective",
        "url": "https://opencollective.com/postcss/"
      }
    },
    "node_modules/browserslist": {
      "version": "4.23.1",
      "resolved": "https://registry.npmjs.org/browserslist/-/browserslist-4.23.1.tgz",
      "integrity": "sha512-5Cq6S5D+eDONkP2E2SZoQ4yOaLXtPmc2A+vVNPQkIax27HnFaj07MD00s/M92z7b6whwAlJb9K78PvoFPA4O1g==",
      "dev": true,
      "dependencies": {
        "caniuse-lite": "^1.0.30001594",
        "electron-to-chromium": "^1.4.784",
        "node-releases": "^2.0.14",
        "update-browserslist-db": "^1.1.1"
      },
      "bin": {
        "browserslist": "cli.js"
      },
      "engines": {
        "node": "^6 || ^7 || ^8 || ^9 || ^10 || ^11 || ^12 || >=13.7"
      },
      "funding": {
        "type": "opencollective",
        "url": "https://opencollective.com/browserslist"
      }
    },
    "node_modules/caniuse-lite": {
      "version": "1.0.30001633",
      "resolved": "https://registry.npmjs.org/caniuse-lite/-/caniuse-lite-1.0.30001633.tgz",
      "integrity": "sha512-VbXN5YNTcK33nIuS31+SN3X3jccZ3X3ZFbYh7uSgUHw6k/sJG6279fTh82o77K2k+7sOaY4n2+cT8o3lC2ZFGA==",
      "dev": true,
      "funding": {
        "type": "opencollective",
        "url": "https://opencollective.com/browserslist"
      }
    },
    "node_modules/csstype": {
      "version": "3.1.3",
      "resolved": "https://registry.npmjs.org/csstype/-/csstype-3.1.3.tgz",
      "integrity": "sha512-M1uQkMl8rQK/szD0LNhtqxIPLzpkHMywR2in+gV2da9sSsBlpmn5G/SSuYoYhWDV1jCSaKyploPTEI+Eibyy2g==",
      "dev": true
    },
    "node_modules/didyoumean": {
      "version": "1.2.2",
      "resolved": "https://registry.npmjs.org/didyoumean/-/didyoumean-1.2.2.tgz",
      "integrity": "sha512-g+bDEY4v6fK42H29ytyq5324i6bC7oI6aY4zY4J9N3N/3s5g8p/8Jb4s4zSnaG42lKxV+b9UBQjNo3gA==",
      "dev": true
    },
    "node_modules/dlv": {
      "version": "1.1.3",
      "resolved": "https://registry.npmjs.org/dlv/-/dlv-1.1.3.tgz",
      "integrity": "sha512-Omdxgf5+E8opneococIKO2d+EdNfgQ4Q5jdlqdb1T3DvsWaleyQCEWkufdDFtu8BrC2r0w6F0StD/y6zaQEXgA==",
      "dev": true
    },
    "node_modules/electron-to-chromium": {
      "version": "1.4.854",
      "resolved": "https://registry.npmjs.org/electron-to-chromium/-/electron-to-chromium-1.4.854.tgz",
      "integrity": "sha512-iVqjY3vuC3BwM2dDkMN/Qj3cCBhP3PSNfDkPoh/Z/k3O1b20J3yrA0o4wZtW50Z29OIkJpDB4XgZf1u42qG1GA==",
      "dev": true
    },
    "node_modules/esbuild": {
      "version": "0.23.0",
      "resolved": "https://registry.npmjs.org/esbuild/-/esbuild-0.23.0.tgz",
      "integrity": "sha512-c2u0hNq2YhnS2/bDCe2+AIsO15xna5K7+e2UKbZf1oX8nOdZrdlXQiVAZHoXbfl7TfM9qX3axl2Rk2+66ceF2Q==",
      "dev": true,
      "hasInstallScript": true,
      "bin": {
        "esbuild": "bin/esbuild"
      },
      "engines": {
        "node": ">=12"
      },
      "optionalDependencies": {
        "@esbuild/android-arm": "0.23.0",
        "@esbuild/android-arm64": "0.23.0",
        "@esbuild/android-x64": "0.23.0",
        "@esbuild/darwin-arm64": "0.23.0",
        "@esbuild/darwin-x64": "0.23.0",
        "@esbuild/freebsd-arm64": "0.23.0",
        "@esbuild/freebsd-x64": "0.23.0",
        "@esbuild/linux-arm": "0.23.0",
        "@esbuild/linux-arm64": "0.23.0",
        "@esbuild/linux-ia32": "0.23.0",
        "@esbuild/linux-loong64": "0.23.0",
        "@esbuild/linux-mips64el": "0.23.0",
        "@esbuild/linux-ppc64": "0.23.0",
        "@esbuild/linux-riscv64": "0.23.0",
        "@esbuild/linux-s390x": "0.23.0",
        "@esbuild/linux-x64": "0.23.0",
        "@esbuild/netbsd-x64": "0.23.0",
        "@esbuild/openbsd-x64": "0.23.0",
        "@esbuild/sunos-x64": "0.23.0",
        "@esbuild/win32-arm64": "0.23.0",
        "@esbuild/win32-ia32": "0.23.0",
        "@esbuild/win32-x64": "0.23.0"
      }
    },
    "node_modules/fast-glob": {
      "version": "3.3.2",
      "resolved": "https://registry.npmjs.org/fast-glob/-/fast-glob-3.3.2.tgz",
      "integrity": "sha512-oX2ruAFQwf/Orj8m737Y5adxYpo2lbdBquDxzYo1U23go10S9YgaSSOA7g11uHe1vtOK8JnKqI7S2wBY42it9g==",
      "dev": true,
      "dependencies": {
        "@nodelib/fs.stat": "^2.0.2",
        "micromatch": "^4.0.5"
      },
      "engines": {
        "node": ">=8.6.0"
      }
    },
    "node_modules/fastq": {
      "version": "1.17.1",
      "resolved": "https://registry.npmjs.org/fastq/-/fastq-1.17.1.tgz",
      "integrity": "sha512-sR6gKC3W+j1n3a25d2s2/W3sLqf9a/kEgf2D1sT3EMVTx3a92/sX+6LIsGdJ00FfMXX4Xp6Hi4cl2e2L5a2Q5A==",
      "dev": true,
      "dependencies": {
        "reusify": "^1.0.4"
      }
    },
    "node_modules/fraction.js": {
      "version": "4.3.7",
      "resolved": "https://registry.npmjs.org/fraction.js/-/fraction.js-4.3.7.tgz",
      "integrity": "sha512-zIe2/XUfC5SS4gY52M9a4xHnIsUuUG6T2/tV2T9/1+4mK2XmC6xNWgVo4c21j7dD2D2b5nnwX6Hw2UI53eH4g==",
      "dev": true,
      "engines": {
        "node": ">=0.10"
      }
    },
    "node_modules/fsevents": {
      "version": "2.3.3",
      "resolved": "https://registry.npmjs.org/fsevents/-/fsevents-2.3.3.tgz",
      "integrity": "sha512-5xoFELQeEOiS9vN++wyDtjDIE5YfsASAoNuS+S2st1TKn9QbeblZTRNTOtIAsf3sW32xdvQ72T4GZ2eZfB6Q/A==",
      "dev": true,
      "hasInstallScript": true,
      "optional": true,
      "os": [
        "darwin"
      ],
      "engines": {
        "node": "^8.16.0 || ^10.6.0 || >=11.0.0"
      }
    },
    "node_modules/glob-parent": {
      "version": "6.0.2",
      "resolved": "https://registry.npmjs.org/glob-parent/-/glob-parent-6.0.2.tgz",
      "integrity": "sha512-XxwIy7cOvsu3v+d1qfk94PnpzP4eE1aUa22/3Avn69zSR0we0Wb6w3w4qWa6en6f39Lg+Vv6vI9k2K9K9s6mGA==",
      "dev": true,
      "dependencies": {
        "is-glob": "^4.0.3"
      },
      "engines": {
        "node": ">=10.13.0"
      }
    },
    "node_modules/is-binary-path": {
      "version": "2.1.0",
      "resolved": "https://registry.npmjs.org/is-binary-path/-/is-binary-path-2.1.0.tgz",
      "integrity": "sha512-Zz/KzZwegO8A1bMhW2tKTHrm0i/TolRtPeRYisKyNj7bZXkKYD2w3jB2T2i63+o8A4Lcoi13YdYkOBbM2M4itQ==",
      "dev": true,
      "dependencies": {
        "binary-extensions": "^2.0.0"
      },
      "engines": {
        "node": ">=8"
      }
    },
    "node_modules/is-extglob": {
      "version": "2.1.1",
      "resolved": "https://registry.npmjs.org/is-extglob/-/is-extglob-2.1.1.tgz",
      "integrity": "sha512-2Z+wmfA7YfT9J6T3I0yyVeyr2d8LvlU/ORt3p2IeOobdMvN4x3oW2S+3fnpv9b9bMkviwYI2bV4YI1/1eXIFMA==",
      "dev": true,
      "engines": {
        "node": ">=0.10.0"
      }
    },
    "node_modules/is-glob": {
      "version": "4.0.3",
      "resolved": "https://registry.npmjs.org/is-glob/-/is-glob-4.0.3.tgz",
      "integrity": "sha512-MULTIP/yT+kT2B2q3aM1S5AKInoUP2OFDqfLSG4D/yLI5VhGtHXQ3p5wgxN6dblcszM3IVT/vF89ucixpDDA1nQ==",
      "dev": true,
      "dependencies": {
        "is-extglob": "^2.1.1"
      },
      "engines": {
        "node": ">=0.10.0"
      }
    },
    "node_modules/is-number": {
      "version": "7.0.0",
      "resolved": "https://registry.npmjs.org/is-number/-/is-number-7.0.0.tgz",
      "integrity": "sha512-41Cifkg6e8TylSpdtTpeLVMqvSBEVzTttHvERD741+A2elga1k0+ovviBes1a7oeYZAwNKE+GP7vf3tnsySt2A==",
      "dev": true,
      "engines": {
        "node": ">=0.12.0"
      }
    },
    "node_modules/js-tokens": {
      "version": "4.0.0",
      "resolved": "https://registry.npmjs.org/js-tokens/-/js-tokens-4.0.0.tgz",
      "integrity": "sha512-RdJUflcE3cUzKiMqQgsCu06FPu9UdIJO0beYbPhHN4k6apgJtifcoCtT9bcxOpYBtpD2kCM6Sbzg4CausW/PKQ=="
    },
    "node_modules/lilconfig": {
      "version": "2.1.0",
      "resolved": "https://registry.npmjs.org/lilconfig/-/lilconfig-2.1.0.tgz",
      "integrity": "sha512-utWOt/GHzuUxn5so62mmsOwRtLkgri3xeh+KIP1Lnx+s6Iwcs5aDBqDv2f9Kz3h21TfNowyOK/+v0YwLsTAPmA==",
      "dev": true,
      "engines": {
        "node": ">=10"
      }
    },
    "node_modules/loose-envify": {
      "version": "1.4.0",
      "resolved": "https://registry.npmjs.org/loose-envify/-/loose-envify-1.4.0.tgz",
      "integrity": "sha512-lyuxPGr/Wfhrlem2CL/UcnUc1zcqKA3a2eYWDvsPfmg54T1CZgBJZLX/SqmMY84GWGiCcZsdmbgg54fUT8fsAw==",
      "dependencies": {
        "js-tokens": "^3.0.0 || ^4.0.0"
      },
      "bin": {
        "loose-envify": "cli.js"
      }
    },
    "node_modules/merge2": {
      "version": "1.4.1",
      "resolved": "https://registry.npmjs.org/merge2/-/merge2-1.4.1.tgz",
      "integrity": "sha512-ESjTpFvQ3B2wDN+c2n3s3z053wqOInkdX05O2hB5gC/XIOh4sLzFlWoYm/kT63PsxZCrL80k0vIA2v3f03ZpYw==",
      "dev": true,
      "engines": {
        "node": ">= 8"
      }
    },
    "node_modules/micromatch": {
      "version": "4.0.7",
      "resolved": "https://registry.npmjs.org/micromatch/-/micromatch-4.0.7.tgz",
      "integrity": "sha512-y2+T8gH121o6xtnqqD2c4s5t4dI5z4P/5c9MD4aE7aL4kYdwoe5163Zmkf4sD/6kLAkTun+dBdM1wRzljSj/gA==",
      "dev": true,
      "dependencies": {
        "braces": "^3.0.1",
        "picomatch": "^2.3.1"
      },
      "engines": {
        "node": ">=8.6"
      }
    },
    "node_modules/nanoid": {
      "version": "3.3.7",
      "resolved": "https://registry.npmjs.org/nanoid/-/nanoid-3.3.7.tgz",
      "integrity": "sha512-eSPB0_H3iIjsaMna42hV/ql2kLIpB17Hj2fP+wSy3x2Q24e2s2HjT1S5sEldcCeAnj225/3yvlX5d4sduj2sVQ==",
      "dev": true,
      "bin": {
        "nanoid": "bin/nanoid.js"
      },
      "engines": {
        "node": "^10 || ^12 || ^13.7 || ^14 || >=15.0.1"
      }
    },
    "node_modules/node-releases": {
      "version": "2.0.14",
      "resolved": "https://registry.npmjs.org/node-releases/-/node-releases-2.0.14.tgz",
      "integrity": "sha512-hLCTb2k5hkeqZpceD2S0d6C0a3ScD8P0Ab3TfAlKxV5y+3V1p+QECwzsAyLBxT5o+z6O1Jg0aISuG2UfLzD2Ew==",
      "dev": true
    },
    "node_modules/normalize-path": {
      "version": "3.0.0",
      "resolved": "https://registry.npmjs.org/normalize-path/-/normalize-path-3.0.0.tgz",
      "integrity": "sha512-6eZs5Ls3WtHoEjT9In19STLA5uplkvrI6UkrD6GbWRB0Kiyof5tsmWmcBC6UECoEBI6ACe3/hKeAe5tcAbvyEQ==",
      "dev": true,
      "engines": {
        "node": ">=0.10.0"
      }
    },
    "node_modules/normalize-range": {
      "version": "0.1.2",
      "resolved": "https://registry.npmjs.org/normalize-range/-/normalize-range-0.1.2.tgz",
      "integrity": "sha512-n3633/rtvLOKoBkmJ3Z/s+eP0+332a+X0zDGLwv/Pnl05p3Srjcfc8VoWwPojohh3Pz5UEe2SgeIe2O4kG+7OA==",
      "dev": true,
      "engines": {
        "node": ">=0.10.0"
      }
    },
    "node_modules/object-hash": {
      "version": "3.0.0",
      "resolved": "https://registry.npmjs.org/object-hash/-/object-hash-3.0.0.tgz",
      "integrity": "sha512-RSn9F68PjH9HqtltsSnqYC1XXoWesTMwKR5I4vjGCAu+uaDFAiZHOVlsP6h7lSt33kS1sPz2BEwV3dz8xOo2OA==",
      "dev": true,
      "engines": {
        "node": ">= 6"
      }
    },
    "node_modules/picocolors": {
      "version": "1.0.1",
      "resolved": "https://registry.npmjs.org/picocolors/-/picocolors-1.0.1.tgz",
      "integrity": "sha512-anP1Z8qwhCfnzwO83I9UoKprMA+gG3aV4gBNKmMd+K2zQgrxaP3HXVIoP+N0Jd0HkG2s6PFOpeJ4dkp2fklpTA==",
      "dev": true
    },
    "node_modules/picomatch": {
      "version": "2.3.1",
      "resolved": "https://registry.npmjs.org/picomatch/-/picomatch-2.3.1.tgz",
      "integrity": "sha512-JU3teI6mR GKpkeIWB2id2I+S/5Jb+t2acIQhVz3bTVyL+i203HyweBena6Tj9cIqJ2wBpHwsvN+DkQmmwv2pvg==",
      "dev": true,
      "engines": {
        "node": ">=8.6"
      },
      "funding": {
        "url": "https://github.com/sponsors/jonschlinkert"
      }
    },
    "node_modules/pify": {
      "version": "2.3.0",
      "resolved": "https://registry.npmjs.org/pify/-/pify-2.3.0.tgz",
      "integrity": "sha512-udgBNnsgydhw5i0eIcbD34S17Oa6+fTpgfj+tI44Xo/dM3yVnN20k3rgrHk2K811u0NE3eL4f3HQm224z7d/w==",
      "dev": true,
      "engines": {
        "node": ">=0.10.0"
      }
    },
    "node_modules/postcss": {
      "version": "8.4.39",
      "resolved": "https://registry.npmjs.org/postcss/-/postcss-8.4.39.tgz",
      "integrity": "sha512-yJk+Bwd01/7t48+V22/1R8UrBM2hMvEStcSZ22MVdBYIIfY458K2n8a3yOnu7ELDZJADb4KDaApP6s3k9jMAlw==",
      "dev": true,
      "dependencies": {
        "nanoid": "^3.3.7",
        "picocolors": "^1.0.0",
        "source-map-js": "^1.2.0"
      },
      "engines": {
        "node": "^10 || ^12 || >=14"
      },
      "funding": {
        "type": "opencollective",
        "url": "https://opencollective.com/postcss/"
      }
    },
    "node_modules/postcss-import": {
      "version": "16.1.0",
      "resolved": "https://registry.npmjs.org/postcss-import/-/postcss-import-16.1.0.tgz",
      "integrity": "sha512-p3WYOQe86pGuAn2i++15Qn5jGQRFgGo3o5Pqjd0v8krh2i2aOs8fL4StSn36/0oZm28dC/5e+Acm27r0m8kLPA==",
      "dev": true,
      "dependencies": {
        "postcss-value-parser": "^4.0.0",
        "resolve": "^1.1.7"
      },
      "engines": {
        "node": ">=14.0.0"
      },
      "peerDependencies": {
        "postcss": "^8.0.0"
      }
    },
    "node_modules/postcss-js": {
      "version": "4.0.1",
      "resolved": "https://registry.npmjs.org/postcss-js/-/postcss-js-4.0.1.tgz",
      "integrity": "sha512-dDLFh34qRRj5E51S8ERUoK+9LNdP2s2p2I5gct5y43OxtTQs3oGf5/qcKiN8iV+V3z2aNO2406JgGg9+2/fWfA==",
      "dev": true,
      "engines": {
        "node": "^12 || ^14 || >= 16"
      },
      "peerDependencies": {
        "postcss": "^8.4.21"
      }
    },
    "node_modules/postcss-load-config": {
      "version": "5.1.0",
      "resolved": "https://registry.npmjs.org/postcss-load-config/-/postcss-load-config-5.1.0.tgz",
      "integrity": "sha512-t3NB2/7gBPRs2om3Uq3/I2n1zcHb46TjH6m3/cux5H3bB2h47/t9n1pSRdJtD+L6X3qu0uT/cqiUv3ww0m79w==",
      "dev": true,
      "dependencies": {
        "lilconfig": "^2.1.0",
        "yaml": "^2.3.4"
      },
      "engines": {
        "node": ">= 14"
      }
    },
    "node_modules/postcss-nested": {
      "version": "6.0.1",
      "resolved": "https://registry.npmjs.org/postcss-nested/-/postcss-nested-6.0.1.tgz",
      "integrity": "sha512-m39D8xn8dKUmrElZZz5Yp32a2ko2QAbzMC0eplxifYvyvV3a2iFxq2b/flF4z/YW4f92m3je1v8c8q+e4zgnLg==",
      "dev": true,
      "dependencies": {
        "postcss-selector-parser": "^6.0.11"
      },
      "engines": {
        "node": ">=12.0.0"
      },
      "peerDependencies": {
        "postcss": "^8.2.14"
      }
    },
    "node_modules/postcss-selector-parser": {
      "version": "6.1.0",
      "resolved": "https://registry.npmjs.org/postcss-selector-parser/-/postcss-selector-parser-6.1.0.tgz",
      "integrity": "sha512-n3bWJcLBzn9lI9oHiS+OUWDBhQBkSc08LygXg/u/9Z+yU2d3wrj1bSblJThQ4dC3a/6rGScOK49w3KVqf31XwA==",
      "dev": true,
      "dependencies": {
        "cssesc": "^3.0.0",
        "util-deprecate": "^1.0.2"
      },
      "engines": {
        "node": ">=6"
      }
    },
    "node_modules/postcss-value-parser": {
      "version": "4.2.0",
      "resolved": "https://registry.npmjs.org/postcss-value-parser/-/postcss-value-parser-4.2.0.tgz",
      "integrity": "sha512-1NNCs6uurfkVbeXG4S8JFT9t19m45aif6pQADPDWeG3N73DB62T7rFuncQzEKOZ5e5HgyKxGRhGB2beXlLmb+A==",
      "dev": true
    },
    "node_modules/queue-microtask": {
      "version": "1.2.3",
      "resolved": "https://registry.npmjs.org/queue-microtask/-/queue-microtask-1.2.3.tgz",
      "integrity": "sha512-NuaNSa6flKT5JaSYQzJok04JzTL1CA6aGhv5rfLW3PgqA+M2ChpZQnAC8h8i4ZFkBS8X5RqkDBHA7r4hej3K9A==",
      "dev": true
    },
    "node_modules/react": {
      "version": "18.3.1",
      "resolved": "https://registry.npmjs.org/react/-/react-18.3.1.tgz",
      "integrity": "sha512-wS+hAgJShReact7WGP2gv5BmVyggU/I3uA0c0nSAtTzTdqjC0PS4IuLCwGcGSYg2VUdJeSP0r3p/dJgpCmbXIyA==",
      "dependencies": {
        "loose-envify": "^1.1.0"
      },
      "engines": {
        "node": ">=0.10.0"
      }
    },
    "node_modules/react-dom": {
      "version": "18.3.1",
      "resolved": "https://registry.npmjs.org/react-dom/-/react-dom-18.3.1.tgz",
      "integrity": "sha512-5m4lB4wQ0kSY0A+2Bvf5BHORjT8Qys56Q8WrPbrVL1gL3+p7r9GafacpB6o3qloVSzVCP7n9S0+aK/eP8Rj8PA==",
      "dependencies": {
        "loose-envify": "^1.1.0",
        "scheduler": "^0.23.2"
      },
      "peerDependencies": {
        "react": "^18.3.1"
      }
    },
    "node_modules/read-cache": {
      "version": "1.0.0",
      "resolved": "https://registry.npmjs.org/read-cache/-/read-cache-1.0.0.tgz",
      "integrity": "sha512-OwdV56dT+nST3v7/k/4k1PFT3s7pJ3T3hC2Pj5hCR+IZjR24rK1b8s28d+wcf7bLIIycybxUGkWs/ExFEeMXCg==",
      "dev": true,
      "dependencies": {
        "pify": "^2.3.0"
      }
    },
    "node_modules/readdirp": {
      "version": "3.6.0",
      "resolved": "https://registry.npmjs.org/readdirp/-/readdirp-3.6.0.tgz",
      "integrity": "sha512-hOS089on8RduqdbhvQ5Z37A0ESjsDqm3kU+vklKsTUWs2iM1PpxIA6QxFVuaeOEeGV2N+H2i+XJqI/3t29G+qw==",
      "dev": true,
      "dependencies": {
        "picomatch": "^2.2.1"
      },
      "engines": {
        "node": ">=8.10.0"
      }
    },
    "node_modules/resolve": {
      "version": "1.22.8",
      "resolved": "https://registry.npmjs.org/resolve/-/resolve-1.22.8.tgz",
      "integrity": "sha512-oKWePCVyBcrqCKOLFKslsp6M4PzIIvdoZeHtYp83LPMMZg3fGjWYpLaEYwm5wUjhqD3n2v9t1Vd5s9xK9QdL3A==",
      "dev": true,
      "dependencies": {
        "is-core-module": "^2.13.0",
        "path-parse": "^1.0.7",
        "supports-preserve-symlinks-flag": "^1.0.0"
      },
      "bin": {
        "resolve": "bin/resolve"
      },
      "funding": {
        "url": "https://github.com/sponsors/ljharb"
      }
    },
    "node_modules/reusify": {
      "version": "1.0.4",
      "resolved": "https://registry.npmjs.org/reusify/-/reusify-1.0.4.tgz",
      "integrity": "sha512-U9nH88a3fc/ekCF1l0/UP1IosiuIjyTh7hBvXVMHYgV8WtxPaBC+8loAMMADi9USNrBbIswOHaqErsJ3iTPpKQ==",
      "dev": true,
      "engines": {
        "node": ">=0.10"
      }
    },
    "node_modules/rollup": {
      "version": "4.18.1",
      "resolved": "https://registry.npmjs.org/rollup/-/rollup-4.18.1.tgz",
      "integrity": "sha512-cjLTh+OsP0MsoO2sLAgIAg++eA2+gG8r5f8hV4d+wzgiDj5wNIXGf1Xdp+3v13o/w4OYvVTbEVSkC7JbJAwkcQ==",
      "dev": true,
      "bin": {
        "rollup": "dist/bin/rollup"
      },
      "engines": {
        "node": ">=18.0.0",
        "npm": ">=8.0.0"
      },
      "optionalDependencies": {
        "fsevents": "~2.3.2"
      }
    },
    "node_modules/run-parallel": {
      "version": "1.2.0",
      "resolved": "https://registry.npmjs.org/run-parallel/-/run-parallel-1.2.0.tgz",
      "integrity": "sha512-5l49uy4A4D2ErmI113n+pITOahLuGERa8Y2eN2yI4Kj382dD23s+eCkFCxK2Iu9fMhA0sWlK8gQE37/w4m1Bw==",
      "dev": true,
      "dependencies": {
        "queue-microtask": "^1.2.2"
      }
    },
    "node_modules/scheduler": {
      "version": "0.23.2",
      "resolved": "https://registry.npmjs.org/scheduler/-/scheduler-0.23.2.tgz",
      "integrity": "sha512-EaCxbanVeyxD9OO4TjWn/iAyKVI8x7p6myFNqoD/12Tf9o/He3H4Tcoi51sL1R0TjBCssRryMCfIdd8IzFdH0A==",
      "dependencies": {
        "loose-envify": "^1.1.0"
      }
    },
    "node_modules/source-map-js": {
      "version": "1.2.0",
      "resolved": "https://registry.npmjs.org/source-map-js/-/source-map-js-1.2.0.tgz",
      "integrity": "sha512-itJW8lvSA0imCUNgN4Ayl2bADW900i9mbT02ILK22m2hQ2dPu6o6xGTS3T2c+e5Q6o2W2C4k2vSAB5hM3mRRA==",
      "dev": true,
      "engines": {
        "node": ">=0.10.0"
      }
    },
    "node_modules/supports-preserve-symlinks-flag": {
      "version": "1.0.0",
      "resolved": "https://registry.npmjs.org/supports-preserve-symlinks-flag/-/supports-preserve-symlinks-flag-1.0.0.tgz",
      "integrity": "sha512-ot0WnXS9fgdkgIcePe6RHNk1WA8+ybmIoWkJprFlBOMESH0hAMpjeZmQQNjBKj6pZL6spxJ/7S1ESwqec6a7Kg==",
      "dev": true,
      "engines": {
        "node": ">= 0.4"
      }
    },
    "node_modules/tailwindcss": {
      "version": "3.4.4",
      "resolved": "https://registry.npmjs.org/tailwindcss/-/tailwindcss-3.4.4.tgz",
      "integrity": "sha512-SoT2TchD24J9oI/E1VqrP2tA6iP7h4VbOksSP9923a3xV3IRMEG9s44MBj1x7s3XgPm+mwyvKzG1p5EChQ2uZw==",
      "dev": true,
      "dependencies": {
        "chokidar": "^3.0.0",
        "didyoumean": "^1.2.2",
        "dlv": "^1.1.3",
        "fast-glob": "^3.3.2",
        "glob-parent": "^6.0.2",
        "is-glob": "^4.0.3",
        "lilconfig": "^2.1.0",
        "object-hash": "^3.0.0",
        "picocolors": "^1.0.0",
        "postcss": "^8.4.32",
        "postcss-import": "^16.0.0",
        "postcss-js": "^4.0.0",
        "postcss-load-config": "^5.0.0",
        "postcss-nested": "^6.0.1",
        "postcss-selector-parser": "^6.0.11",
        "resolve": "^1.22.8",
        "sucrase": "^3.34.0"
      },
      "bin": {
        "tailwind": "lib/cli.js",
        "tailwindcss": "lib/cli.js"
      },
      "engines": {
        "node": ">=16.14.0"
      }
    },
    "node_modules/to-regex-range": {
      "version": "5.0.1",
      "resolved": "https://registry.npmjs.org/to-regex-range/-/to-regex-range-5.0.1.tgz",
      "integrity": "sha512-652mF4fEHLccP6sqv2E5fD2qf/L2XnxgU/9A/Fpfr6I9S6bKMDaeVb57sGu2ovM1prqv9I4Comz3o3iFqN9TTw==",
      "dev": true,
      "dependencies": {
        "is-number": "^7.0.0"
      },
      "engines": {
        "node": ">=8.0"
      }
    },
    "node_modules/sucrase": {
      "version": "3.35.0",
      "resolved": "https://registry.npmjs.org/sucrase/-/sucrase-3.35.0.tgz",
      "integrity": "sha512-Sj5YYT35c18FG4OFtvF4CAn5UX3v05/SVs2PLb7mgT5GFVdM2x4p2vwtm/m3/f9xT6/i9N7y32x/eY/i3DVEpA==",
      "dev": true,
      "dependencies": {
        "@jridgewell/gen-mapping": "^0.3.5",
        "commander": "^4.0.0",
        "glob": "^7.1.6",
        "lines-and-columns": "^1.2.4",
        "pirates": "^4.0.1",
        "ts-interface-checker": "^0.1.13"
      },
      "bin": {
        "sucrase": "bin/sucrase",
        "sucrase-node": "bin/sucrase-node"
      },
      "engines": {
        "node": ">=12"
      }
    },
    "node_modules/sucrase/node_modules/@jridgewell/gen-mapping": {
      "version": "0.3.5",
      "resolved": "https://registry.npmjs.org/@jridgewell/gen-mapping/-/gen-mapping-0.3.5.tgz",
      "integrity": "sha512-YMOlEcz6sAlT4EaB48P/+6pW5d4CAn55iHl/SFeGg+zTMLt0BFiD4jG3oQzSqnKvR64SYw2G2v6iLAsD2oSP2A==",
      "dev": true,
      "dependencies": {
        "@jridgewell/set-array": "^1.0.0",
        "@jridgewell/sourcemap-codec": "^1.4.10",
        "@jridgewell/trace-mapping": "^0.3.25"
      },
      "engines": {
        "node": ">=6.0.0"
      }
    },
    "node_modules/sucrase/node_modules/@jridgewell/set-array": {
      "version": "1.2.1",
      "resolved": "https://registry.npmjs.org/@jridgewell/set-array/-/set-array-1.2.1.tgz",
      "integrity": "sha512-roLIVT5aPzqad2g8b4Q82XvNulyPSTTiiv8sDQbLSbT2Ba380c5FF3kMSpYtL3l5Qh5wM6fEdgT+aN43E8iI0A==",
      "dev": true,
      "engines": {
        "node": ">=6.0.0"
      }
    },
    "node_modules/sucrase/node_modules/@jridgewell/sourcemap-codec": {
      "version": "1.4.15",
      "resolved": "https://registry.npmjs.org/@jridgewell/sourcemap-codec/-/sourcemap-codec-1.4.15.tgz",
      "integrity": "sha512-eF2rxCRulEKXHTRiDrDy6erMYDqNw4vOftLIFupKAxAuiNzlgz3qsjeiCQhIZxzl0veoAnbLcrk5i2o5hIZ26g==",
      "dev": true
    },
    "node_modules/sucrase/node_modules/@jridgewell/trace-mapping": {
      "version": "0.3.25",
      "resolved": "https://registry.npmjs.org/@jridgewell/trace-mapping/-/trace-mapping-0.3.25.tgz",
      "integrity": "sha512-wIqLZbFtB/J4wEAl/mX23fT693Z+T1/Jb3a1dbT2m1823Hk8e4L/2k3a8j3vz2s4lJ4Q+7l3PjL6v3l3w==",
      "dev": true,
      "dependencies": {
        "@jridgewell/resolve-uri": "^3.1.2",
        "@jridgewell/sourcemap-codec": "^1.4.15"
      }
    },
    "node_modules/sucrase/node_modules/ansi-styles": {
      "version": "3.2.1",
      "resolved": "https://registry.npmjs.org/ansi-styles/-/ansi-styles-3.2.1.tgz",
      "integrity": "sha512-VT0ZI6kZRdTh8YyJw3SMbYm/u+NqfsAxEpWO0PfL48QTG+vOTWiiKeidYgoz2lXEZIMIz8kbdfWVPssNRpTwmA==",
      "dev": true,
      "dependencies": {
        "color-convert": "^1.9.0"
      },
      "engines": {
        "node": ">=4"
      }
    },
    "node_modules/sucrase/node_modules/balanced-match": {
      "version": "1.0.2",
      "resolved": "https://registry.npmjs.org/balanced-match/-/balanced-match-1.0.2.tgz",
      "integrity": "sha512-3oSeUO0TMV67hN1AmbXsK4yaqU7tiiYEA71P4vAIENJ1zkvmdsrfm7qi0+i401Ie4XTyk5a/o2bb1Kkq61eEVQ==",
      "dev": true
    },
    "node_modules/sucrase/node_modules/brace-expansion": {
      "version": "1.1.11",
      "resolved": "https://registry.npmjs.org/brace-expansion/-/brace-expansion-1.1.11.tgz",
      "integrity": "sha512-iCuPHDFgrHX7H2vEI/5isGctUGFN/uspfXPeguaAGxTzVmlZEs3LgNsh+xU6sKrgWMyL7DoGP2A7b0K3MLvTkA==",
      "dev": true,
      "dependencies": {
        "balanced-match": "^1.0.0",
        "concat-map": "0.0.1"
      }
    },
    "node_modules/sucrase/node_modules/chalk": {
      "version": "2.4.2",
      "resolved": "https://registry.npmjs.org/chalk/-/chalk-2.4.2.tgz",
      "integrity": "sha512-Mti+f9lpJNcwF4tWV8/OrTTzNDbEuWhKSMp5iBEG36Ta9iOWfJZsfMuHAVsm3vMHGveJSG3DiJehr3daXkKzOA==",
      "dev": true,
      "dependencies": {
        "ansi-styles": "^3.2.1",
        "escape-string-regexp": "^1.0.5",
        "supports-color": "^5.3.0"
      },
      "engines": {
        "node": ">=4"
      }
    },
    "node_modules/sucrase/node_modules/color-convert": {
      "version": "1.9.3",
      "resolved": "https://registry.npmjs.org/color-convert/-/color-convert-1.9.3.tgz",
      "integrity": "sha512-QfAUtd+vFdAtFQhgtJ320MuRjefDENBHa+MUmC51jcsHMzIklDae8ePPSw52eIZTsJzsayfTyhDDaYZslM3pLg==",
      "dev": true,
      "dependencies": {
        "color-name": "1.1.3"
      }
    },
    "node_modules/sucrase/node_modules/color-name": {
      "version": "1.1.3",
      "resolved": "https://registry.npmjs.org/color-name/-/color-name-1.1.3.tgz",
      "integrity": "sha512-72fSenhMw2ACoPKGNvIYgdBFb2wZk6OLvanctcQUvABb8dmpEbDNuJbvmbrYzhCaTy8tfpVdA0CZgmmXfYFHvA==",
      "dev": true
    },
    "node_modules/sucrase/node_modules/commander": {
      "version": "4.1.1",
      "resolved": "https://registry.npmjs.org/commander/-/commander-4.1.1.tgz",
      "integrity": "sha512-NOAI7SUzklsWhpcSIvtB+hzDMI0KNdcmVCKkI6xnHp/L6cFhrBGTjJ3VVCרא/eCIzyYDRgg0fM2bX29062A==",
      "dev": true
    },
    "node_modules/sucrase/node_modules/concat-map": {
      "version": "0.0.1",
      "resolved": "https://registry.npmjs.org/concat-map/-/concat-map-0.0.1.tgz",
      "integrity": "sha512-SkfD9+tG2h5qU1n/LYMo/3Dcq1bAER2nTqgIwoD/O0wgkl2/Bf/g/4x0D2gN5MMTjOndbA1ow7H1GfLgM0wY/w==",
      "dev": true
    },
    "node_modules/sucrase/node_modules/escape-string-regexp": {
      "version": "1.0.5",
      "resolved": "https://registry.npmjs.org/escape-string-regexp/-/escape-string-regexp-1.0.5.tgz",
      "integrity": "sha512-vbRorBvEan88Pk2MRyQa1bioMgo9mEE2Qv4O4oCadifk1NJM2eDOm+1ZcO7c/Ktc1YQoYesaE2uU/LBE3v3J4w==",
      "dev": true,
      "engines": {
        "node": ">=0.8.0"
      }
    },
    "node_modules/sucrase/node_modules/fs.realpath": {
      "version": "1.0.0",
      "resolved": "https://registry.npmjs.org/fs.realpath/-/fs.realpath-1.0.0.tgz",
      "integrity": "sha512-OO0+6c2H9fhx6tLweH1/ohtz8G7T3L2T1/G6Uv20kZoGf4PhNHQHDmQ3iAjp+3jRHeAqs8uiH3fLnm2sW6wRAw==",
      "dev": true
    },
    "node_modules/sucrase/node_modules/glob": {
      "version": "7.2.3",
      "resolved": "https://registry.npmjs.org/glob/-/glob-7.2.3.tgz",
      "integrity": "sha512-nFR0zLpU2YCaRxwoEdvL3XPx5kmmIrdz2p9Up3nlRuJeTz6OqsCV2MA5rN7n1aHhDvxwMmpJFq9SS3sWIv71Tw==",
      "dev": true,
      "dependencies": {
        "fs.realpath": "^1.0.0",
        "inflight": "^1.0.4",
        "inherits": "2",
        "minimatch": "^3.0.4",
        "once": "^1.3.0",
        "path-is-absolute": "^1.0.0"
      },
      "engines": {
        "node": "*"
      }
    },
    "node_modules/sucrase/node_modules/has-flag": {
      "version": "3.0.0",
      "resolved": "https://registry.npmjs.org/has-flag/-/has-flag-3.0.0.tgz",
      "integrity": "sha512-sJmWUl+E69mprttfvSNsvgT0z42i2G3gH47QEcvOkvsVeecUMXgKi9ml51Ui9D9ubTBkdT3zN1F2WEdY3g2SSg==",
      "dev": true,
      "engines": {
        "node": ">=4"
      }
    },
    "node_modules/sucrase/node_modules/inflight": {
      "version": "1.0.6",
      "resolved": "https://registry.npmjs.org/inflight/-/inflight-1.0.6.tgz",
      "integrity": "sha512-k92I/b08q4wvFscXCLvqfsHCrjrF7KjMMMj7lgvyQzlNyoqvoNDdsBestH/YTp41jB2cPZ8XouoCcVdBFwM8ucQ==",
      "dev": true,
      "dependencies": {
        "once": "^1.3.0",
        "wrappy": "1"
      }
    },
    "node_modules/sucrase/node_modules/inherits": {
      "version": "2.0.4",
      "resolved": "https://registry.npmjs.org/inherits/-/inherits-2.0.4.tgz",
      "integrity": "sha512-k/vGaX4/Yla3Wb6Db8H3BNEuYmL7AU73sMLJecIOgU390iaHEii2iADg5Rb9w7BP1failure/4P6Y3naqazMAx2g==",
      "dev": true
    },
    "node_modules/sucrase/node_modules/lines-and-columns": {
      "version": "1.2.4",
      "resolved": "https://registry.npmjs.org/lines-and-columns/-/lines-and-columns-1.2.4.tgz",
      "integrity": "sha512-7S1FzV2/z+iT+4+5cBe37Jt2YmP2aj4X12v28sG55/fZbwQp26715Mmu4gWk2vQX23E4D2Ckyf22m/L5A4y/g==",
      "dev": true
    },
    "node_modules/sucrase/node_modules/minimatch": {
      "version": "3.1.2",
      "resolved": "https://registry.npmjs.org/minimatch/-/minimatch-3.1.2.tgz",
      "integrity": "sha512-J7p63hRiAjw1NDEww1W7i37+ByIrOWO5VSS7DFA2CMAaNPeKhdgn3ABIrKMIab5bds7W3CEoAD5z5VxLA5oGxA==",
      "dev": true,
      "dependencies": {
        "brace-expansion": "^1.1.7"
      },
      "engines": {
        "node": "*"
      }
    },
    "node_modules/sucrase/node_modules/once": {
      "version": "1.4.0",
      "resolved": "https://registry.npmjs.org/once/-/once-1.4.0.tgz",
      "integrity": "sha512-lNaJgI+2Q5URmL/VjsTD82mMZBoK43NDss7zCCYHesGilzS+NdAP3WcHebJHZXLCl1jKDdbd8/gZs5PoITbq9w==",
      "dev": true,
      "dependencies": {
        "wrappy": "1"
      }
    },
    "node_modules/sucrase/node_modules/path-is-absolute": {
      "version": "1.0.1",
      "resolved": "https://registry.npmjs.org/path-is-absolute/-/path-is-absolute-1.0.1.tgz",
      "integrity": "sha512-AVbw3UJ2e9bq64vSaS9Am0fje1Pa8pbGqTTsmXfaL9OLifje1mTi/pT9+DeC7AqV/Lb2sURqsAVpMsz86E2IOw==",
      "dev": true,
      "engines": {
        "node": ">=0.10.0"
      }
    },
    "node_modules/sucrase/node_modules/pirates": {
      "version": "4.0.6",
      "resolved": "https://registry.npmjs.org/pirates/-/pirates-4.0.6.tgz",
      "integrity": "sha512-saK2S3scFPmO10Ccks3GUSL96/QjFoH1p0wQ2zizw22xU1p/DRHT03a2x2o3s4vY+14xWusT+2LS722D4+ARwA==",
      "dev": true,
      "engines": {
        "node": ">= 6"
      }
    },
    "node_modules/sucrase/node_modules/supports-color": {
      "version": "5.5.0",
      "resolved": "https://registry.npmjs.org/supports-color/-/supports-color-5.5.0.tgz",
      "integrity": "sha512-QjVjwdXIt408MIiAqCX4oUKsgU2SupzmcχριbzIowGqNB8q2iLkeUvsWqjkP/msEGGNnI1wvtHe8aCgm1xwdwA==",
      "dev": true,
      "dependencies": {
        "has-flag": "^3.0.0"
      },
      "engines": {
        "node": ">=4"
      }
    },
    "node_modules/sucrase/node_modules/ts-interface-checker": {
      "version": "0.1.13",
      "resolved": "https://registry.npmjs.org/ts-interface-checker/-/ts-interface-checker-0.1.13.tgz",
      "integrity": "sha512-Y/arvbn+rrz3JSt3iBCgGmls2nFtabfk84TV4i71P3r3eGfAb27AL1M2422a5+aSt2xV82c5TTCk82+aLeG4w==",
      "dev": true
    },
    "node_modules/sucrase/node_modules/wrappy": {
      "version": "1.0.2",
      "resolved": "https://registry.npmjs.org/wrappy/-/wrappy-1.0.2.tgz",
      "integrity": "sha512-l4Sp/DRseor9wL6EvV2+TuQkvDdP3/OvriK6PagD+TxLdNro0RuAkeCs+wKrzjGvDOnofMma3NncmFj+AhD2Gg==",
      "dev": true
    },
    "node_modules/typescript": {
      "version": "5.5.3",
      "resolved": "https://registry.npmjs.org/typescript/-/typescript-5.5.3.tgz",
      "integrity": "sha512-qK+gptpdgHTAlNma9mR2emM2pLpTfQ9iI7S3yjbr1/fSNoYSdG3v3He3RCNbClSAtwVunAI3Yt9e2VDBoU53aA==",
      "dev": true,
      "bin": {
        "tsc": "bin/tsc",
        "tsserver": "bin/tsserver"
      },
      "engines": {
        "node": ">=14.17"
      }
    },
    "node_modules/update-browserslist-db": {
      "version": "1.1.1",
      "resolved": "https://registry.npmjs.org/update-browserslist-db/-/update-browserslist-db-1.1.1.tgz",
      "integrity": "sha512-zLzNn23VCafk2b4kO95i7sA2O3x2YRB7q/3x4N3y4kHl/1VdR1r4aBr1yA2p2sWjQjJubas2kNsl/3xEWw5wYg==",
      "dev": true,
      "dependencies": {
        "escalade": "^3.1.2",
        "picocolors": "^1.0.1"
      },
      "bin": {
        "update-browserslist-db": "cli.js"
      },
      "funding": {
        "type": "opencollective",
        "url": "https://opencollective.com/browserslist"
      },
      "peerDependencies": {
        "browserslist": ">= 4.21.0"
      }
    },
    "node_modules/update-browserslist-db/node_modules/escalade": {
      "version": "3.1.2",
      "resolved": "https://registry.npmjs.org/escalade/-/escalade-3.1.2.tgz",
      "integrity": "sha512-dae2oAJYk33+3N49SR2t+d1NG0joSKd1oAIu+2g9lSPq9sQlZX4B4c/A6v62wLqXS/16tV4ta6H502oiciFYdg==",
      "dev": true,
      "engines": {
        "node": ">=6"
      }
    },
    "node_modules/util-deprecate": {
      "version": "1.0.2",
      "resolved": "https://registry.npmjs.org/util-deprecate/-/util-deprecate-1.0.2.tgz",
      "integrity": "sha512-EPD5q1uXyFxJpCrLnCc128XwOkTOUOKsMfrzaB8Y9ioMARaJO4tilbEnvu/lxlZdIxs3T54wO9fQFNJCr8HoXg==",
      "dev": true
    },
    "node_modules/vite": {
      "version": "5.3.3",
      "resolved": "https://registry.npmjs.org/vite/-/vite-5.3.3.tgz",
      "integrity": "sha512-9c+rI5H6SycmuQ/3bZ3h5gQ2k4/9UaE+M9StX34iM5LgXGg9iT44n2v9yVtxaKmp0c79J1aKjYFrGteRg==",
      "dev": true,
      "dependencies": {
        "esbuild": "^0.23.0",
        "postcss": "^8.4.38",
        "rollup": "^4.18.0"
      },
      "bin": {
        "vite": "bin/vite.js"
      },
      "engines": {
        "node": "^18.0.0 || >=20.0.0"
      },
      "funding": {
        "url": "https://github.com/sponsors/yyx990803"
      },
      "optionalDependencies": {
        "fsevents": "~2.3.2"
      }
    },
    "node_modules/vite-plugin-react-inspector": {
      "version": "1.0.3",
      "resolved": "https://registry.npmjs.org/vite-plugin-react-inspector/-/vite-plugin-react-inspector-1.0.3.tgz",
      "integrity": "sha512-Y1oTqW9D2/y1m+Q4xG1X3E1w9VbU1tq/1Q+Q8+6M1P6VzC54v3L/6/v2gT800O0u1vj4wQoV8T+r4w==",
      "dev": true,
      "peerDependencies": {
        "vite": ">=3.0.0"
      }
    },
    "node_modules/yaml": {
      "version": "2.4.5",
      "resolved": "https://registry.npmjs.org/yaml/-/yaml-2.4.5.tgz",
      "integrity": "sha512-a2Jv32aeA68+1Phv8KIARfny534sT3dr2JGw6p83wT9aH2ricldnAnODD0Nfude/5GNbVfUuSg8AcwK95TwwvQ==",
      "dev": true,
      "engines": {
        "node": ">= 14"
      }
    }
  }
}